
Microsoft Visual Studio Solution File, Format Version 12.00
# Visual Studio Version 17
VisualStudioVersion = 17.14.36401.2 d17.14
MinimumVisualStudioVersion = 10.0.40219.1
Project("{FAE04EC0-301F-11D3-BF4B-00C04F79EFBC}") = "Visor_imagenes", "Visor_imagenes\Visor_imagenes.csproj", "{51F9A730-5C4B-4099-B56A-16C9F1DBD216}"
EndProject
Global
	GlobalSection(SolutionConfigurationPlatforms) = preSolution
		Debug|Any CPU = Debug|Any CPU
		Release|Any CPU = Release|Any CPU
	EndGlobalSection
	GlobalSection(ProjectConfigurationPlatforms) = postSolution
		{51F9A730-5C4B-4099-B56A-16C9F1DBD216}.Debug|Any CPU.ActiveCfg = Debug|Any CPU
		{51F9A730-5C4B-4099-B56A-16C9F1DBD216}.Debug|Any CPU.Build.0 = Debug|Any CPU
		{51F9A730-5C4B-4099-B56A-16C9F1DBD216}.Release|Any CPU.ActiveCfg = Release|Any CPU
		{51F9A730-5C4B-4099-B56A-16C9F1DBD216}.Release|Any CPU.Build.0 = Release|Any CPU
	EndGlobalSection
	GlobalSection(SolutionProperties) = preSolution
		HideSolutionNode = FALSE
	EndGlobalSection
	GlobalSection(ExtensibilityGlobals) = postSolution
		SolutionGuid = {A8A49D41-7C5A-43E0-9A85-1F9721B6A0F7}
	EndGlobalSection
EndGlobal
